
Microsoft Visual Studio Solution File, Format Version 12.00
# Visual Studio Version 17
VisualStudioVersion = 17.13.35919.96
MinimumVisualStudioVersion = 10.0.40219.1
Project("{8BC9CEB8-8B4A-11D0-8D11-00A0C91BC942}") = "FirstDriver", "FirstDriver\FirstDriver.vcxproj", "{72B2B7BD-C7EC-8005-B303-6ED0F37544FA}"
EndProject
Project("{8BC9CEB8-8B4A-11D0-8D11-00A0C91BC942}") = "SendClient", "SendClient\SendClient.vcxproj", "{6DC12EAC-9EF3-4BEC-9A9F-9C416DCE1611}"
EndProject
Project("{8BC9CEB8-8B4A-11D0-8D11-00A0C91BC942}") = "SendDriver", "SendDriver\SendDriver.vcxproj", "{E4CE6057-1483-F879-2CBF-90E33B582D65}"
EndProject
Project("{8BC9CEB8-8B4A-11D0-8D11-00A0C91BC942}") = "GetClient", "GetClient\GetClient.vcxproj", "{0CBFB762-35AC-4337-8EE0-DB8542FA2514}"
EndProject
Project("{8BC9CEB8-8B4A-11D0-8D11-00A0C91BC942}") = "GetDriver", "GetDriver\GetDriver.vcxproj", "{9C0B5B60-9ED3-4643-9562-1691E60F20BA}"
EndProject
Global
	GlobalSection(SolutionConfigurationPlatforms) = preSolution
		Debug|ARM64 = Debug|ARM64
		Debug|x64 = Debug|x64
		Release|ARM64 = Release|ARM64
		Release|x64 = Release|x64
	EndGlobalSection
	GlobalSection(ProjectConfigurationPlatforms) = postSolution
		{72B2B7BD-C7EC-8005-B303-6ED0F37544FA}.Debug|ARM64.ActiveCfg = Debug|ARM64
		{72B2B7BD-C7EC-8005-B303-6ED0F37544FA}.Debug|ARM64.Build.0 = Debug|ARM64
		{72B2B7BD-C7EC-8005-B303-6ED0F37544FA}.Debug|ARM64.Deploy.0 = Debug|ARM64
		{72B2B7BD-C7EC-8005-B303-6ED0F37544FA}.Debug|x64.ActiveCfg = Debug|x64
		{72B2B7BD-C7EC-8005-B303-6ED0F37544FA}.Debug|x64.Build.0 = Debug|x64
		{72B2B7BD-C7EC-8005-B303-6ED0F37544FA}.Debug|x64.Deploy.0 = Debug|x64
		{72B2B7BD-C7EC-8005-B303-6ED0F37544FA}.Release|ARM64.ActiveCfg = Release|ARM64
		{72B2B7BD-C7EC-8005-B303-6ED0F37544FA}.Release|ARM64.Build.0 = Release|ARM64
		{72B2B7BD-C7EC-8005-B303-6ED0F37544FA}.Release|ARM64.Deploy.0 = Release|ARM64
		{72B2B7BD-C7EC-8005-B303-6ED0F37544FA}.Release|x64.ActiveCfg = Release|x64
		{72B2B7BD-C7EC-8005-B303-6ED0F37544FA}.Release|x64.Build.0 = Release|x64
		{72B2B7BD-C7EC-8005-B303-6ED0F37544FA}.Release|x64.Deploy.0 = Release|x64
		{6DC12EAC-9EF3-4BEC-9A9F-9C416DCE1611}.Debug|ARM64.ActiveCfg = Debug|x64
		{6DC12EAC-9EF3-4BEC-9A9F-9C416DCE1611}.Debug|ARM64.Build.0 = Debug|x64
		{6DC12EAC-9EF3-4BEC-9A9F-9C416DCE1611}.Debug|x64.ActiveCfg = Debug|x64
		{6DC12EAC-9EF3-4BEC-9A9F-9C416DCE1611}.Debug|x64.Build.0 = Debug|x64
		{6DC12EAC-9EF3-4BEC-9A9F-9C416DCE1611}.Release|ARM64.ActiveCfg = Release|x64
		{6DC12EAC-9EF3-4BEC-9A9F-9C416DCE1611}.Release|ARM64.Build.0 = Release|x64
		{6DC12EAC-9EF3-4BEC-9A9F-9C416DCE1611}.Release|x64.ActiveCfg = Release|x64
		{6DC12EAC-9EF3-4BEC-9A9F-9C416DCE1611}.Release|x64.Build.0 = Release|x64
		{E4CE6057-1483-F879-2CBF-90E33B582D65}.Debug|ARM64.ActiveCfg = Debug|ARM64
		{E4CE6057-1483-F879-2CBF-90E33B582D65}.Debug|ARM64.Build.0 = Debug|ARM64
		{E4CE6057-1483-F879-2CBF-90E33B582D65}.Debug|ARM64.Deploy.0 = Debug|ARM64
		{E4CE6057-1483-F879-2CBF-90E33B582D65}.Debug|x64.ActiveCfg = Debug|x64
		{E4CE6057-1483-F879-2CBF-90E33B582D65}.Debug|x64.Build.0 = Debug|x64
		{E4CE6057-1483-F879-2CBF-90E33B582D65}.Debug|x64.Deploy.0 = Debug|x64
		{E4CE6057-1483-F879-2CBF-90E33B582D65}.Release|ARM64.ActiveCfg = Release|ARM64
		{E4CE6057-1483-F879-2CBF-90E33B582D65}.Release|ARM64.Build.0 = Release|ARM64
		{E4CE6057-1483-F879-2CBF-90E33B582D65}.Release|ARM64.Deploy.0 = Release|ARM64
		{E4CE6057-1483-F879-2CBF-90E33B582D65}.Release|x64.ActiveCfg = Release|x64
		{E4CE6057-1483-F879-2CBF-90E33B582D65}.Release|x64.Build.0 = Release|x64
		{E4CE6057-1483-F879-2CBF-90E33B582D65}.Release|x64.Deploy.0 = Release|x64
		{0CBFB762-35AC-4337-8EE0-DB8542FA2514}.Debug|ARM64.ActiveCfg = Debug|x64
		{0CBFB762-35AC-4337-8EE0-DB8542FA2514}.Debug|ARM64.Build.0 = Debug|x64
		{0CBFB762-35AC-4337-8EE0-DB8542FA2514}.Debug|x64.ActiveCfg = Debug|x64
		{0CBFB762-35AC-4337-8EE0-DB8542FA2514}.Debug|x64.Build.0 = Debug|x64
		{0CBFB762-35AC-4337-8EE0-DB8542FA2514}.Release|ARM64.ActiveCfg = Release|x64
		{0CBFB762-35AC-4337-8EE0-DB8542FA2514}.Release|ARM64.Build.0 = Release|x64
		{0CBFB762-35AC-4337-8EE0-DB8542FA2514}.Release|x64.ActiveCfg = Release|x64
		{0CBFB762-35AC-4337-8EE0-DB8542FA2514}.Release|x64.Build.0 = Release|x64
		{9C0B5B60-9ED3-4643-9562-1691E60F20BA}.Debug|ARM64.ActiveCfg = Debug|ARM64
		{9C0B5B60-9ED3-4643-9562-1691E60F20BA}.Debug|ARM64.Build.0 = Debug|ARM64
		{9C0B5B60-9ED3-4643-9562-1691E60F20BA}.Debug|ARM64.Deploy.0 = Debug|ARM64
		{9C0B5B60-9ED3-4643-9562-1691E60F20BA}.Debug|x64.ActiveCfg = Debug|x64
		{9C0B5B60-9ED3-4643-9562-1691E60F20BA}.Debug|x64.Build.0 = Debug|x64
		{9C0B5B60-9ED3-4643-9562-1691E60F20BA}.Debug|x64.Deploy.0 = Debug|x64
		{9C0B5B60-9ED3-4643-9562-1691E60F20BA}.Release|ARM64.ActiveCfg = Release|ARM64
		{9C0B5B60-9ED3-4643-9562-1691E60F20BA}.Release|ARM64.Build.0 = Release|ARM64
		{9C0B5B60-9ED3-4643-9562-1691E60F20BA}.Release|ARM64.Deploy.0 = Release|ARM64
		{9C0B5B60-9ED3-4643-9562-1691E60F20BA}.Release|x64.ActiveCfg = Release|x64
		{9C0B5B60-9ED3-4643-9562-1691E60F20BA}.Release|x64.Build.0 = Release|x64
		{9C0B5B60-9ED3-4643-9562-1691E60F20BA}.Release|x64.Deploy.0 = Release|x64
	EndGlobalSection
	GlobalSection(SolutionProperties) = preSolution
		HideSolutionNode = FALSE
	EndGlobalSection
	GlobalSection(ExtensibilityGlobals) = postSolution
		SolutionGuid = {AAC98546-0EB4-43E1-91BB-59FD71A673D0}
	EndGlobalSection
EndGlobal
